PODS:
  - BaseAPI (0.1.5)
  - GithubAPI (0.0.6):
    - BaseAPI

DEPENDENCIES:
  - GithubAPI (from `../`)

SPEC REPOS:
  https://github.com/cocoapods/specs.git:
    - BaseAPI

EXTERNAL SOURCES:
  GithubAPI:
    :path: "../"

SPEC CHECKSUMS:
  BaseAPI: 9248feed65933cd20283514e7a9917ecba1b69c0
  GithubAPI: 11ba73919608803ad984efedc3ad804e9689e4b1

PODFILE CHECKSUM: 7b80c21318d9d57ef3132f40d715661d7c485d9f

COCOAPODS: 1.5.3
