PODS:
  - BaseAPI (0.1.12)
  - GithubAPI (0.0.11):
    - BaseAPI

DEPENDENCIES:
  - GithubAPI (from `../`)

SPEC REPOS:
  trunk:
    - BaseAPI

EXTERNAL SOURCES:
  GithubAPI:
    :path: "../"

SPEC CHECKSUMS:
  BaseAPI: 84c9b49d75b8be1e9d7facd66bd14082eee499e4
  GithubAPI: f8fcdbb0a63c1a0fbd390770eb47afaf7182268d

PODFILE CHECKSUM: 7b80c21318d9d57ef3132f40d715661d7c485d9f

COCOAPODS: 1.11.2
