PODS:
  - BaseAPI (0.1.2)
  - GithubAPI (0.0.6):
    - BaseAPI

DEPENDENCIES:
  - GithubAPI (from `../`)

SPEC REPOS:
  https://github.com/cocoapods/specs.git:
    - BaseAPI

EXTERNAL SOURCES:
  GithubAPI:
    :path: "../"

SPEC CHECKSUMS:
  BaseAPI: e234e06c832a85154f34f09d6b626364059b1638
  GithubAPI: bc5bfd90489f5138a8d1e00003b18abe31579eb0

PODFILE CHECKSUM: 7b80c21318d9d57ef3132f40d715661d7c485d9f

COCOAPODS: 1.6.1
